
Microsoft Visual Studio Solution File, Format Version 12.00
# Visual Studio Version 16
VisualStudioVersion = 16.0.30717.126
MinimumVisualStudioVersion = 10.0.40219.1
Project("{FAE04EC0-301F-11D3-BF4B-00C04F79EFBC}") = "notes.api", "notes.api\notes.api.csproj", "{2E7B994F-6C71-4A4F-81E4-74FA141D3B2B}"
EndProject
Project("{FAE04EC0-301F-11D3-BF4B-00C04F79EFBC}") = "notes.application", "notes.application\notes.application.csproj", "{58DAC2F1-4D7B-445B-8BE7-849C57084BCF}"
EndProject
Project("{FAE04EC0-301F-11D3-BF4B-00C04F79EFBC}") = "notes.data", "notes.data\notes.data.csproj", "{B2B07451-CB8F-49D9-8045-21681F8B96AD}"
EndProject
Project("{FAE04EC0-301F-11D3-BF4B-00C04F79EFBC}") = "notes.api.tests", "notes.api.tests\notes.api.tests.csproj", "{26C7DDEB-A872-4422-820B-4B31EFC57D47}"
EndProject
Project("{2150E333-8FDC-42A3-9474-1A3956D46DE8}") = "Tests", "Tests", "{67806700-BA61-4ED7-9466-8C0B0A77FCB9}"
EndProject
Project("{2150E333-8FDC-42A3-9474-1A3956D46DE8}") = "Solution Items", "Solution Items", "{E087052B-E22A-4FC5-B288-7B08537D7B1F}"
	ProjectSection(SolutionItems) = preProject
		docker-compose.yml = docker-compose.yml
		docker-compose.override.yml = docker-compose.override.yml
	EndProjectSection
EndProject
Project("{FAE04EC0-301F-11D3-BF4B-00C04F79EFBC}") = "notes.data.tests", "notes.data.tests\notes.data.tests.csproj", "{8AEAD142-944F-4512-9D0A-97DD54E307C2}"
EndProject
Project("{FAE04EC0-301F-11D3-BF4B-00C04F79EFBC}") = "notes.applications.tests", "notes.applications.tests\notes.applications.tests.csproj", "{B8574574-8697-4A52-87D4-34405C980A3D}"
EndProject
Global
	GlobalSection(SolutionConfigurationPlatforms) = preSolution
		Debug|Any CPU = Debug|Any CPU
		Release|Any CPU = Release|Any CPU
	EndGlobalSection
	GlobalSection(ProjectConfigurationPlatforms) = postSolution
		{2E7B994F-6C71-4A4F-81E4-74FA141D3B2B}.Debug|Any CPU.ActiveCfg = Debug|Any CPU
		{2E7B994F-6C71-4A4F-81E4-74FA141D3B2B}.Debug|Any CPU.Build.0 = Debug|Any CPU
		{2E7B994F-6C71-4A4F-81E4-74FA141D3B2B}.Release|Any CPU.ActiveCfg = Release|Any CPU
		{2E7B994F-6C71-4A4F-81E4-74FA141D3B2B}.Release|Any CPU.Build.0 = Release|Any CPU
		{58DAC2F1-4D7B-445B-8BE7-849C57084BCF}.Debug|Any CPU.ActiveCfg = Debug|Any CPU
		{58DAC2F1-4D7B-445B-8BE7-849C57084BCF}.Debug|Any CPU.Build.0 = Debug|Any CPU
		{58DAC2F1-4D7B-445B-8BE7-849C57084BCF}.Release|Any CPU.ActiveCfg = Release|Any CPU
		{58DAC2F1-4D7B-445B-8BE7-849C57084BCF}.Release|Any CPU.Build.0 = Release|Any CPU
		{B2B07451-CB8F-49D9-8045-21681F8B96AD}.Debug|Any CPU.ActiveCfg = Debug|Any CPU
		{B2B07451-CB8F-49D9-8045-21681F8B96AD}.Debug|Any CPU.Build.0 = Debug|Any CPU
		{B2B07451-CB8F-49D9-8045-21681F8B96AD}.Release|Any CPU.ActiveCfg = Release|Any CPU
		{B2B07451-CB8F-49D9-8045-21681F8B96AD}.Release|Any CPU.Build.0 = Release|Any CPU
		{26C7DDEB-A872-4422-820B-4B31EFC57D47}.Debug|Any CPU.ActiveCfg = Debug|Any CPU
		{26C7DDEB-A872-4422-820B-4B31EFC57D47}.Debug|Any CPU.Build.0 = Debug|Any CPU
		{26C7DDEB-A872-4422-820B-4B31EFC57D47}.Release|Any CPU.ActiveCfg = Release|Any CPU
		{26C7DDEB-A872-4422-820B-4B31EFC57D47}.Release|Any CPU.Build.0 = Release|Any CPU
		{8AEAD142-944F-4512-9D0A-97DD54E307C2}.Debug|Any CPU.ActiveCfg = Debug|Any CPU
		{8AEAD142-944F-4512-9D0A-97DD54E307C2}.Debug|Any CPU.Build.0 = Debug|Any CPU
		{8AEAD142-944F-4512-9D0A-97DD54E307C2}.Release|Any CPU.ActiveCfg = Release|Any CPU
		{8AEAD142-944F-4512-9D0A-97DD54E307C2}.Release|Any CPU.Build.0 = Release|Any CPU
		{B8574574-8697-4A52-87D4-34405C980A3D}.Debug|Any CPU.ActiveCfg = Debug|Any CPU
		{B8574574-8697-4A52-87D4-34405C980A3D}.Debug|Any CPU.Build.0 = Debug|Any CPU
		{B8574574-8697-4A52-87D4-34405C980A3D}.Release|Any CPU.ActiveCfg = Release|Any CPU
		{B8574574-8697-4A52-87D4-34405C980A3D}.Release|Any CPU.Build.0 = Release|Any CPU
	EndGlobalSection
	GlobalSection(SolutionProperties) = preSolution
		HideSolutionNode = FALSE
	EndGlobalSection
	GlobalSection(NestedProjects) = preSolution
		{26C7DDEB-A872-4422-820B-4B31EFC57D47} = {67806700-BA61-4ED7-9466-8C0B0A77FCB9}
		{8AEAD142-944F-4512-9D0A-97DD54E307C2} = {67806700-BA61-4ED7-9466-8C0B0A77FCB9}
		{B8574574-8697-4A52-87D4-34405C980A3D} = {67806700-BA61-4ED7-9466-8C0B0A77FCB9}
	EndGlobalSection
	GlobalSection(ExtensibilityGlobals) = postSolution
		SolutionGuid = {D49AC3BE-C997-4FEE-B9D2-0DD578C9AA1D}
	EndGlobalSection
EndGlobal
